
Microsoft Visual Studio Solution File, Format Version 12.00
# Visual Studio Version 17
VisualStudioVersion = 17.0.31903.59
MinimumVisualStudioVersion = 10.0.40219.1
Project("{FAE04EC0-301F-11D3-BF4B-00C04F79EFBC}") = "Infraestructure", "Infraestructure\Infraestructure.csproj", "{E557194C-3452-4B86-8D0D-09D98FC44443}"
EndProject
Project("{FAE04EC0-301F-11D3-BF4B-00C04F79EFBC}") = "Application", "Application\Application.csproj", "{68D8912B-D5B7-4491-98C0-754DA90A0F6B}"
EndProject
Global
	GlobalSection(SolutionConfigurationPlatforms) = preSolution
		Debug|Any CPU = Debug|Any CPU
		Release|Any CPU = Release|Any CPU
	EndGlobalSection
	GlobalSection(SolutionProperties) = preSolution
		HideSolutionNode = FALSE
	EndGlobalSection
	GlobalSection(ProjectConfigurationPlatforms) = postSolution
		{E557194C-3452-4B86-8D0D-09D98FC44443}.Debug|Any CPU.ActiveCfg = Debug|Any CPU
		{E557194C-3452-4B86-8D0D-09D98FC44443}.Debug|Any CPU.Build.0 = Debug|Any CPU
		{E557194C-3452-4B86-8D0D-09D98FC44443}.Release|Any CPU.ActiveCfg = Release|Any CPU
		{E557194C-3452-4B86-8D0D-09D98FC44443}.Release|Any CPU.Build.0 = Release|Any CPU
		{68D8912B-D5B7-4491-98C0-754DA90A0F6B}.Debug|Any CPU.ActiveCfg = Debug|Any CPU
		{68D8912B-D5B7-4491-98C0-754DA90A0F6B}.Debug|Any CPU.Build.0 = Debug|Any CPU
		{68D8912B-D5B7-4491-98C0-754DA90A0F6B}.Release|Any CPU.ActiveCfg = Release|Any CPU
		{68D8912B-D5B7-4491-98C0-754DA90A0F6B}.Release|Any CPU.Build.0 = Release|Any CPU
	EndGlobalSection
EndGlobal
